
Microsoft Visual Studio Solution File, Format Version 12.00
# Visual Studio Version 16
VisualStudioVersion = 16.0.30114.105
MinimumVisualStudioVersion = 10.0.40219.1
Project("{2150E333-8FDC-42A3-9474-1A3956D46DE8}") = "src", "src", "{DE510B81-6BEE-4158-8821-6184F6F89C08}"
EndProject
Project("{FAE04EC0-301F-11D3-BF4B-00C04F79EFBC}") = "API", "src\API\API.csproj", "{9B686DCD-CF90-48DC-943C-8AEF7F1141BA}"
EndProject
Project("{FAE04EC0-301F-11D3-BF4B-00C04F79EFBC}") = "Application", "src\Application\Application.csproj", "{F806E0D4-A1DD-4F2B-A091-1099A9775368}"
EndProject
Project("{FAE04EC0-301F-11D3-BF4B-00C04F79EFBC}") = "Domain", "src\Domain\Domain.csproj", "{A8D55CA8-3F33-448D-A409-F505A5AF5C2B}"
EndProject
Project("{FAE04EC0-301F-11D3-BF4B-00C04F79EFBC}") = "Infrastructure", "src\Infrastructure\Infrastructure.csproj", "{AB289256-CB98-4D64-BC37-71276AD9EDD2}"
EndProject
Global
	GlobalSection(SolutionConfigurationPlatforms) = preSolution
		Debug|Any CPU = Debug|Any CPU
		Release|Any CPU = Release|Any CPU
	EndGlobalSection
	GlobalSection(SolutionProperties) = preSolution
		HideSolutionNode = FALSE
	EndGlobalSection
	GlobalSection(ProjectConfigurationPlatforms) = postSolution
		{9B686DCD-CF90-48DC-943C-8AEF7F1141BA}.Debug|Any CPU.ActiveCfg = Debug|Any CPU
		{9B686DCD-CF90-48DC-943C-8AEF7F1141BA}.Debug|Any CPU.Build.0 = Debug|Any CPU
		{9B686DCD-CF90-48DC-943C-8AEF7F1141BA}.Release|Any CPU.ActiveCfg = Release|Any CPU
		{9B686DCD-CF90-48DC-943C-8AEF7F1141BA}.Release|Any CPU.Build.0 = Release|Any CPU
		{F806E0D4-A1DD-4F2B-A091-1099A9775368}.Debug|Any CPU.ActiveCfg = Debug|Any CPU
		{F806E0D4-A1DD-4F2B-A091-1099A9775368}.Debug|Any CPU.Build.0 = Debug|Any CPU
		{F806E0D4-A1DD-4F2B-A091-1099A9775368}.Release|Any CPU.ActiveCfg = Release|Any CPU
		{F806E0D4-A1DD-4F2B-A091-1099A9775368}.Release|Any CPU.Build.0 = Release|Any CPU
		{A8D55CA8-3F33-448D-A409-F505A5AF5C2B}.Debug|Any CPU.ActiveCfg = Debug|Any CPU
		{A8D55CA8-3F33-448D-A409-F505A5AF5C2B}.Debug|Any CPU.Build.0 = Debug|Any CPU
		{A8D55CA8-3F33-448D-A409-F505A5AF5C2B}.Release|Any CPU.ActiveCfg = Release|Any CPU
		{A8D55CA8-3F33-448D-A409-F505A5AF5C2B}.Release|Any CPU.Build.0 = Release|Any CPU
		{AB289256-CB98-4D64-BC37-71276AD9EDD2}.Debug|Any CPU.ActiveCfg = Debug|Any CPU
		{AB289256-CB98-4D64-BC37-71276AD9EDD2}.Debug|Any CPU.Build.0 = Debug|Any CPU
		{AB289256-CB98-4D64-BC37-71276AD9EDD2}.Release|Any CPU.ActiveCfg = Release|Any CPU
		{AB289256-CB98-4D64-BC37-71276AD9EDD2}.Release|Any CPU.Build.0 = Release|Any CPU
	EndGlobalSection
	GlobalSection(NestedProjects) = preSolution
		{9B686DCD-CF90-48DC-943C-8AEF7F1141BA} = {DE510B81-6BEE-4158-8821-6184F6F89C08}
		{F806E0D4-A1DD-4F2B-A091-1099A9775368} = {DE510B81-6BEE-4158-8821-6184F6F89C08}
		{A8D55CA8-3F33-448D-A409-F505A5AF5C2B} = {DE510B81-6BEE-4158-8821-6184F6F89C08}
		{AB289256-CB98-4D64-BC37-71276AD9EDD2} = {DE510B81-6BEE-4158-8821-6184F6F89C08}
	EndGlobalSection
EndGlobal
